
Microsoft Visual Studio Solution File, Format Version 12.00
# Visual Studio 14
VisualStudioVersion = 14.0.24720.0
MinimumVisualStudioVersion = 10.0.40219.1
Project("{FAE04EC0-301F-11D3-BF4B-00C04F79EFBC}") = "DataAdapter-Writes-1", "DataAdapter-Writes-1\DataAdapter-Writes-1.csproj", "{B2718AC7-3603-46D8-A693-182FB4E2E352}"
EndProject
Project("{FAE04EC0-301F-11D3-BF4B-00C04F79EFBC}") = "DataAccessLibrary", "DataAccessLibrary\DataAccessLibrary.csproj", "{0D0DCBA4-C55B-4690-BEE6-872C4B196B53}"
EndProject
Global
	GlobalSection(SolutionConfigurationPlatforms) = preSolution
		Debug|Any CPU = Debug|Any CPU
		Release|Any CPU = Release|Any CPU
	EndGlobalSection
	GlobalSection(ProjectConfigurationPlatforms) = postSolution
		{B2718AC7-3603-46D8-A693-182FB4E2E352}.Debug|Any CPU.ActiveCfg = Debug|Any CPU
		{B2718AC7-3603-46D8-A693-182FB4E2E352}.Debug|Any CPU.Build.0 = Debug|Any CPU
		{B2718AC7-3603-46D8-A693-182FB4E2E352}.Release|Any CPU.ActiveCfg = Release|Any CPU
		{B2718AC7-3603-46D8-A693-182FB4E2E352}.Release|Any CPU.Build.0 = Release|Any CPU
		{0D0DCBA4-C55B-4690-BEE6-872C4B196B53}.Debug|Any CPU.ActiveCfg = Debug|Any CPU
		{0D0DCBA4-C55B-4690-BEE6-872C4B196B53}.Debug|Any CPU.Build.0 = Debug|Any CPU
		{0D0DCBA4-C55B-4690-BEE6-872C4B196B53}.Release|Any CPU.ActiveCfg = Release|Any CPU
		{0D0DCBA4-C55B-4690-BEE6-872C4B196B53}.Release|Any CPU.Build.0 = Release|Any CPU
	EndGlobalSection
	GlobalSection(SolutionProperties) = preSolution
		HideSolutionNode = FALSE
	EndGlobalSection
EndGlobal
