
Microsoft Visual Studio Solution File, Format Version 12.00
# Visual Studio Version 16
VisualStudioVersion = 16.0.33214.272
MinimumVisualStudioVersion = 10.0.40219.1
Project("{FAE04EC0-301F-11D3-BF4B-00C04F79EFBC}") = "ISIT310_firstEF", "ISIT310_firstEF\ISIT310_firstEF.csproj", "{EAC14D41-E3BE-4A1F-849B-35B3DD1873B5}"
EndProject
Global
	GlobalSection(SolutionConfigurationPlatforms) = preSolution
		Debug|Any CPU = Debug|Any CPU
		Release|Any CPU = Release|Any CPU
	EndGlobalSection
	GlobalSection(ProjectConfigurationPlatforms) = postSolution
		{EAC14D41-E3BE-4A1F-849B-35B3DD1873B5}.Debug|Any CPU.ActiveCfg = Debug|Any CPU
		{EAC14D41-E3BE-4A1F-849B-35B3DD1873B5}.Debug|Any CPU.Build.0 = Debug|Any CPU
		{EAC14D41-E3BE-4A1F-849B-35B3DD1873B5}.Release|Any CPU.ActiveCfg = Release|Any CPU
		{EAC14D41-E3BE-4A1F-849B-35B3DD1873B5}.Release|Any CPU.Build.0 = Release|Any CPU
	EndGlobalSection
	GlobalSection(SolutionProperties) = preSolution
		HideSolutionNode = FALSE
	EndGlobalSection
	GlobalSection(ExtensibilityGlobals) = postSolution
		SolutionGuid = {91A27743-663D-4747-B1BF-552F9E1F79FE}
	EndGlobalSection
EndGlobal
